
Microsoft Visual Studio Solution File, Format Version 12.00
# Visual Studio Version 17
VisualStudioVersion = 17.10.34916.146
MinimumVisualStudioVersion = 10.0.40219.1
Project("{FAE04EC0-301F-11D3-BF4B-00C04F79EFBC}") = "BlogProject", "BlogProject\BlogProject.csproj", "{EE55C2B6-A5EC-4393-BAC0-97C1D6886FE3}"
EndProject
Global
	GlobalSection(SolutionConfigurationPlatforms) = preSolution
		Debug|Any CPU = Debug|Any CPU
		Release|Any CPU = Release|Any CPU
	EndGlobalSection
	GlobalSection(ProjectConfigurationPlatforms) = postSolution
		{EE55C2B6-A5EC-4393-BAC0-97C1D6886FE3}.Debug|Any CPU.ActiveCfg = Debug|Any CPU
		{EE55C2B6-A5EC-4393-BAC0-97C1D6886FE3}.Debug|Any CPU.Build.0 = Debug|Any CPU
		{EE55C2B6-A5EC-4393-BAC0-97C1D6886FE3}.Release|Any CPU.ActiveCfg = Release|Any CPU
		{EE55C2B6-A5EC-4393-BAC0-97C1D6886FE3}.Release|Any CPU.Build.0 = Release|Any CPU
	EndGlobalSection
	GlobalSection(SolutionProperties) = preSolution
		HideSolutionNode = FALSE
	EndGlobalSection
	GlobalSection(ExtensibilityGlobals) = postSolution
		SolutionGuid = {6299BBF8-AFE2-4A1C-9A37-575AB6E9C942}
	EndGlobalSection
EndGlobal
